
Microsoft Visual Studio Solution File, Format Version 12.00
# Visual Studio 2012
Project("{2150E333-8FDC-42A3-9474-1A3956D46DE8}") = "111.ref", "111.ref", "{132C82AA-C2D7-4846-92F4-BD8A1949E3D4}"
EndProject
Project("{2150E333-8FDC-42A3-9474-1A3956D46DE8}") = "order", "order", "{54468285-F33E-4E66-ABF8-DCE4A624CBD8}"
EndProject
Project("{2150E333-8FDC-42A3-9474-1A3956D46DE8}") = "0.ref", "0.ref", "{B8C0EB2F-D9BA-47D8-91EC-E77030B56F3C}"
EndProject
Project("{FAE04EC0-301F-11D3-BF4B-00C04F79EFBC}") = "nilnul.order(interval130719", "lib\nilnul.order(interval130719.csproj", "{7843991D-6EB2-4464-8A88-729805708922}"
EndProject
Project("{FAE04EC0-301F-11D3-BF4B-00C04F79EFBC}") = "nilnul.relation(130616", "..\nilnul.relation(sln\lib\nilnul.relation(130616.csproj", "{D9162372-81BE-4D8F-8321-E5D53372C59C}"
EndProject
Project("{2150E333-8FDC-42A3-9474-1A3956D46DE8}") = "matrix", "matrix", "{B4A04CFB-233D-4304-8447-BC25085BD274}"
EndProject
Project("{FAE04EC0-301F-11D3-BF4B-00C04F79EFBC}") = "nilnul.matrix2", "..\nilnul.matrix\lib\nilnul.matrix2.csproj", "{D04E1F39-6DF0-4BAF-B0E1-4DF3C6B779CD}"
EndProject
Project("{2150E333-8FDC-42A3-9474-1A3956D46DE8}") = "set", "set", "{9C4D9835-5937-4D56-9919-769025FA9DEC}"
EndProject
Project("{2150E333-8FDC-42A3-9474-1A3956D46DE8}") = "111.ref", "111.ref", "{B937B7FD-3759-484B-8A1E-F7FADF835194}"
EndProject
Project("{2150E333-8FDC-42A3-9474-1A3956D46DE8}") = "nilnul", "nilnul", "{6C9FB20A-B7FB-4A41-91A1-B8EFD3BB7080}"
EndProject
Project("{FAE04EC0-301F-11D3-BF4B-00C04F79EFBC}") = "nilnul.set(130616", "..\nilnul.set\lib\nilnul.set(130616.csproj", "{8C8C5AFB-CC2E-4737-8669-A47C96A8942D}"
EndProject
Project("{FAE04EC0-301F-11D3-BF4B-00C04F79EFBC}") = "nilnul(130621", "..\nilnul(130115\lib\nilnul(130621.csproj", "{781321C7-7737-4B1F-BA13-048169502805}"
EndProject
Project("{2150E333-8FDC-42A3-9474-1A3956D46DE8}") = "bit", "bit", "{30F88005-A2F6-4999-830C-70F3133C9564}"
EndProject
Project("{FAE04EC0-301F-11D3-BF4B-00C04F79EFBC}") = "nilnul.bit130616", "..\nilnul.bit(sln\lib\nilnul.bit130616.csproj", "{109C1344-5BEA-4E1A-B662-2C7FE60AC428}"
EndProject
Project("{2150E333-8FDC-42A3-9474-1A3956D46DE8}") = "nilnul_obj", "nilnul_obj", "{B40132D1-E305-46D2-AE24-E30E00933809}"
EndProject
Project("{FAE04EC0-301F-11D3-BF4B-00C04F79EFBC}") = "nilnul.obj", "..\nilnul.obj\lib\nilnul.obj.csproj", "{9807479B-F797-4A18-9FEB-0CC576C27308}"
EndProject
Project("{FAE04EC0-301F-11D3-BF4B-00C04F79EFBC}") = "nilnul.collection.set130710", "..\nilnul.collection.set(sln\lib\nilnul.collection.set130710.csproj", "{8F950E3B-3BD9-449F-B11A-167CD00BE1BE}"
EndProject
Project("{FAE04EC0-301F-11D3-BF4B-00C04F79EFBC}") = "nilnul.collection", "..\nilnul.collection(sln130702\lib\nilnul.collection.csproj", "{7A2D0615-6447-40E3-AE4D-2ED23DA0C3B8}"
EndProject
Global
	GlobalSection(SolutionConfigurationPlatforms) = preSolution
		Debug|Any CPU = Debug|Any CPU
		Debug|Mixed Platforms = Debug|Mixed Platforms
		Debug|x86 = Debug|x86
		Release|Any CPU = Release|Any CPU
		Release|Mixed Platforms = Release|Mixed Platforms
		Release|x86 = Release|x86
	EndGlobalSection
	GlobalSection(ProjectConfigurationPlatforms) = postSolution
		{7843991D-6EB2-4464-8A88-729805708922}.Debug|Any CPU.ActiveCfg = Debug|Any CPU
		{7843991D-6EB2-4464-8A88-729805708922}.Debug|Any CPU.Build.0 = Debug|Any CPU
		{7843991D-6EB2-4464-8A88-729805708922}.Debug|Mixed Platforms.ActiveCfg = Debug|Any CPU
		{7843991D-6EB2-4464-8A88-729805708922}.Debug|Mixed Platforms.Build.0 = Debug|Any CPU
		{7843991D-6EB2-4464-8A88-729805708922}.Debug|x86.ActiveCfg = Debug|Any CPU
		{7843991D-6EB2-4464-8A88-729805708922}.Release|Any CPU.ActiveCfg = Release|Any CPU
		{7843991D-6EB2-4464-8A88-729805708922}.Release|Any CPU.Build.0 = Release|Any CPU
		{7843991D-6EB2-4464-8A88-729805708922}.Release|Mixed Platforms.ActiveCfg = Release|Any CPU
		{7843991D-6EB2-4464-8A88-729805708922}.Release|Mixed Platforms.Build.0 = Release|Any CPU
		{7843991D-6EB2-4464-8A88-729805708922}.Release|x86.ActiveCfg = Release|Any CPU
		{D9162372-81BE-4D8F-8321-E5D53372C59C}.Debug|Any CPU.ActiveCfg = Debug|Any CPU
		{D9162372-81BE-4D8F-8321-E5D53372C59C}.Debug|Any CPU.Build.0 = Debug|Any CPU
		{D9162372-81BE-4D8F-8321-E5D53372C59C}.Debug|Mixed Platforms.ActiveCfg = Debug|Any CPU
		{D9162372-81BE-4D8F-8321-E5D53372C59C}.Debug|Mixed Platforms.Build.0 = Debug|Any CPU
		{D9162372-81BE-4D8F-8321-E5D53372C59C}.Debug|x86.ActiveCfg = Debug|Any CPU
		{D9162372-81BE-4D8F-8321-E5D53372C59C}.Release|Any CPU.ActiveCfg = Release|Any CPU
		{D9162372-81BE-4D8F-8321-E5D53372C59C}.Release|Any CPU.Build.0 = Release|Any CPU
		{D9162372-81BE-4D8F-8321-E5D53372C59C}.Release|Mixed Platforms.ActiveCfg = Release|Any CPU
		{D9162372-81BE-4D8F-8321-E5D53372C59C}.Release|Mixed Platforms.Build.0 = Release|Any CPU
		{D9162372-81BE-4D8F-8321-E5D53372C59C}.Release|x86.ActiveCfg = Release|Any CPU
		{D04E1F39-6DF0-4BAF-B0E1-4DF3C6B779CD}.Debug|Any CPU.ActiveCfg = Debug|Any CPU
		{D04E1F39-6DF0-4BAF-B0E1-4DF3C6B779CD}.Debug|Any CPU.Build.0 = Debug|Any CPU
		{D04E1F39-6DF0-4BAF-B0E1-4DF3C6B779CD}.Debug|Mixed Platforms.ActiveCfg = Debug|Any CPU
		{D04E1F39-6DF0-4BAF-B0E1-4DF3C6B779CD}.Debug|Mixed Platforms.Build.0 = Debug|Any CPU
		{D04E1F39-6DF0-4BAF-B0E1-4DF3C6B779CD}.Debug|x86.ActiveCfg = Debug|Any CPU
		{D04E1F39-6DF0-4BAF-B0E1-4DF3C6B779CD}.Release|Any CPU.ActiveCfg = Release|Any CPU
		{D04E1F39-6DF0-4BAF-B0E1-4DF3C6B779CD}.Release|Any CPU.Build.0 = Release|Any CPU
		{D04E1F39-6DF0-4BAF-B0E1-4DF3C6B779CD}.Release|Mixed Platforms.ActiveCfg = Release|Any CPU
		{D04E1F39-6DF0-4BAF-B0E1-4DF3C6B779CD}.Release|Mixed Platforms.Build.0 = Release|Any CPU
		{D04E1F39-6DF0-4BAF-B0E1-4DF3C6B779CD}.Release|x86.ActiveCfg = Release|Any CPU
		{8C8C5AFB-CC2E-4737-8669-A47C96A8942D}.Debug|Any CPU.ActiveCfg = Debug|Any CPU
		{8C8C5AFB-CC2E-4737-8669-A47C96A8942D}.Debug|Any CPU.Build.0 = Debug|Any CPU
		{8C8C5AFB-CC2E-4737-8669-A47C96A8942D}.Debug|Mixed Platforms.ActiveCfg = Debug|Any CPU
		{8C8C5AFB-CC2E-4737-8669-A47C96A8942D}.Debug|Mixed Platforms.Build.0 = Debug|Any CPU
		{8C8C5AFB-CC2E-4737-8669-A47C96A8942D}.Debug|x86.ActiveCfg = Debug|Any CPU
		{8C8C5AFB-CC2E-4737-8669-A47C96A8942D}.Release|Any CPU.ActiveCfg = Release|Any CPU
		{8C8C5AFB-CC2E-4737-8669-A47C96A8942D}.Release|Any CPU.Build.0 = Release|Any CPU
		{8C8C5AFB-CC2E-4737-8669-A47C96A8942D}.Release|Mixed Platforms.ActiveCfg = Release|Any CPU
		{8C8C5AFB-CC2E-4737-8669-A47C96A8942D}.Release|Mixed Platforms.Build.0 = Release|Any CPU
		{8C8C5AFB-CC2E-4737-8669-A47C96A8942D}.Release|x86.ActiveCfg = Release|Any CPU
		{781321C7-7737-4B1F-BA13-048169502805}.Debug|Any CPU.ActiveCfg = Debug|Any CPU
		{781321C7-7737-4B1F-BA13-048169502805}.Debug|Any CPU.Build.0 = Debug|Any CPU
		{781321C7-7737-4B1F-BA13-048169502805}.Debug|Mixed Platforms.ActiveCfg = Debug|Any CPU
		{781321C7-7737-4B1F-BA13-048169502805}.Debug|Mixed Platforms.Build.0 = Debug|Any CPU
		{781321C7-7737-4B1F-BA13-048169502805}.Debug|x86.ActiveCfg = Debug|Any CPU
		{781321C7-7737-4B1F-BA13-048169502805}.Release|Any CPU.ActiveCfg = Release|Any CPU
		{781321C7-7737-4B1F-BA13-048169502805}.Release|Any CPU.Build.0 = Release|Any CPU
		{781321C7-7737-4B1F-BA13-048169502805}.Release|Mixed Platforms.ActiveCfg = Release|Any CPU
		{781321C7-7737-4B1F-BA13-048169502805}.Release|Mixed Platforms.Build.0 = Release|Any CPU
		{781321C7-7737-4B1F-BA13-048169502805}.Release|x86.ActiveCfg = Release|Any CPU
		{109C1344-5BEA-4E1A-B662-2C7FE60AC428}.Debug|Any CPU.ActiveCfg = Debug|Any CPU
		{109C1344-5BEA-4E1A-B662-2C7FE60AC428}.Debug|Any CPU.Build.0 = Debug|Any CPU
		{109C1344-5BEA-4E1A-B662-2C7FE60AC428}.Debug|Mixed Platforms.ActiveCfg = Debug|Any CPU
		{109C1344-5BEA-4E1A-B662-2C7FE60AC428}.Debug|Mixed Platforms.Build.0 = Debug|Any CPU
		{109C1344-5BEA-4E1A-B662-2C7FE60AC428}.Debug|x86.ActiveCfg = Debug|Any CPU
		{109C1344-5BEA-4E1A-B662-2C7FE60AC428}.Release|Any CPU.ActiveCfg = Release|Any CPU
		{109C1344-5BEA-4E1A-B662-2C7FE60AC428}.Release|Any CPU.Build.0 = Release|Any CPU
		{109C1344-5BEA-4E1A-B662-2C7FE60AC428}.Release|Mixed Platforms.ActiveCfg = Release|Any CPU
		{109C1344-5BEA-4E1A-B662-2C7FE60AC428}.Release|Mixed Platforms.Build.0 = Release|Any CPU
		{109C1344-5BEA-4E1A-B662-2C7FE60AC428}.Release|x86.ActiveCfg = Release|Any CPU
		{9807479B-F797-4A18-9FEB-0CC576C27308}.Debug|Any CPU.ActiveCfg = Debug|Any CPU
		{9807479B-F797-4A18-9FEB-0CC576C27308}.Debug|Any CPU.Build.0 = Debug|Any CPU
		{9807479B-F797-4A18-9FEB-0CC576C27308}.Debug|Mixed Platforms.ActiveCfg = Debug|Any CPU
		{9807479B-F797-4A18-9FEB-0CC576C27308}.Debug|Mixed Platforms.Build.0 = Debug|Any CPU
		{9807479B-F797-4A18-9FEB-0CC576C27308}.Debug|x86.ActiveCfg = Debug|Any CPU
		{9807479B-F797-4A18-9FEB-0CC576C27308}.Release|Any CPU.ActiveCfg = Release|Any CPU
		{9807479B-F797-4A18-9FEB-0CC576C27308}.Release|Any CPU.Build.0 = Release|Any CPU
		{9807479B-F797-4A18-9FEB-0CC576C27308}.Release|Mixed Platforms.ActiveCfg = Release|Any CPU
		{9807479B-F797-4A18-9FEB-0CC576C27308}.Release|Mixed Platforms.Build.0 = Release|Any CPU
		{9807479B-F797-4A18-9FEB-0CC576C27308}.Release|x86.ActiveCfg = Release|Any CPU
		{8F950E3B-3BD9-449F-B11A-167CD00BE1BE}.Debug|Any CPU.ActiveCfg = Debug|Any CPU
		{8F950E3B-3BD9-449F-B11A-167CD00BE1BE}.Debug|Any CPU.Build.0 = Debug|Any CPU
		{8F950E3B-3BD9-449F-B11A-167CD00BE1BE}.Debug|Mixed Platforms.ActiveCfg = Debug|Any CPU
		{8F950E3B-3BD9-449F-B11A-167CD00BE1BE}.Debug|Mixed Platforms.Build.0 = Debug|Any CPU
		{8F950E3B-3BD9-449F-B11A-167CD00BE1BE}.Debug|x86.ActiveCfg = Debug|Any CPU
		{8F950E3B-3BD9-449F-B11A-167CD00BE1BE}.Release|Any CPU.ActiveCfg = Release|Any CPU
		{8F950E3B-3BD9-449F-B11A-167CD00BE1BE}.Release|Any CPU.Build.0 = Release|Any CPU
		{8F950E3B-3BD9-449F-B11A-167CD00BE1BE}.Release|Mixed Platforms.ActiveCfg = Release|Any CPU
		{8F950E3B-3BD9-449F-B11A-167CD00BE1BE}.Release|Mixed Platforms.Build.0 = Release|Any CPU
		{8F950E3B-3BD9-449F-B11A-167CD00BE1BE}.Release|x86.ActiveCfg = Release|Any CPU
		{7A2D0615-6447-40E3-AE4D-2ED23DA0C3B8}.Debug|Any CPU.ActiveCfg = Debug|Any CPU
		{7A2D0615-6447-40E3-AE4D-2ED23DA0C3B8}.Debug|Any CPU.Build.0 = Debug|Any CPU
		{7A2D0615-6447-40E3-AE4D-2ED23DA0C3B8}.Debug|Mixed Platforms.ActiveCfg = Debug|Any CPU
		{7A2D0615-6447-40E3-AE4D-2ED23DA0C3B8}.Debug|Mixed Platforms.Build.0 = Debug|Any CPU
		{7A2D0615-6447-40E3-AE4D-2ED23DA0C3B8}.Debug|x86.ActiveCfg = Debug|Any CPU
		{7A2D0615-6447-40E3-AE4D-2ED23DA0C3B8}.Release|Any CPU.ActiveCfg = Release|Any CPU
		{7A2D0615-6447-40E3-AE4D-2ED23DA0C3B8}.Release|Any CPU.Build.0 = Release|Any CPU
		{7A2D0615-6447-40E3-AE4D-2ED23DA0C3B8}.Release|Mixed Platforms.ActiveCfg = Release|Any CPU
		{7A2D0615-6447-40E3-AE4D-2ED23DA0C3B8}.Release|Mixed Platforms.Build.0 = Release|Any CPU
		{7A2D0615-6447-40E3-AE4D-2ED23DA0C3B8}.Release|x86.ActiveCfg = Release|Any CPU
	EndGlobalSection
	GlobalSection(SolutionProperties) = preSolution
		HideSolutionNode = FALSE
	EndGlobalSection
	GlobalSection(NestedProjects) = preSolution
		{54468285-F33E-4E66-ABF8-DCE4A624CBD8} = {132C82AA-C2D7-4846-92F4-BD8A1949E3D4}
		{8F950E3B-3BD9-449F-B11A-167CD00BE1BE} = {132C82AA-C2D7-4846-92F4-BD8A1949E3D4}
		{7A2D0615-6447-40E3-AE4D-2ED23DA0C3B8} = {132C82AA-C2D7-4846-92F4-BD8A1949E3D4}
		{B8C0EB2F-D9BA-47D8-91EC-E77030B56F3C} = {54468285-F33E-4E66-ABF8-DCE4A624CBD8}
		{D9162372-81BE-4D8F-8321-E5D53372C59C} = {B8C0EB2F-D9BA-47D8-91EC-E77030B56F3C}
		{B4A04CFB-233D-4304-8447-BC25085BD274} = {B8C0EB2F-D9BA-47D8-91EC-E77030B56F3C}
		{D04E1F39-6DF0-4BAF-B0E1-4DF3C6B779CD} = {B4A04CFB-233D-4304-8447-BC25085BD274}
		{9C4D9835-5937-4D56-9919-769025FA9DEC} = {B4A04CFB-233D-4304-8447-BC25085BD274}
		{B937B7FD-3759-484B-8A1E-F7FADF835194} = {9C4D9835-5937-4D56-9919-769025FA9DEC}
		{8C8C5AFB-CC2E-4737-8669-A47C96A8942D} = {9C4D9835-5937-4D56-9919-769025FA9DEC}
		{30F88005-A2F6-4999-830C-70F3133C9564} = {B937B7FD-3759-484B-8A1E-F7FADF835194}
		{B40132D1-E305-46D2-AE24-E30E00933809} = {30F88005-A2F6-4999-830C-70F3133C9564}
		{109C1344-5BEA-4E1A-B662-2C7FE60AC428} = {30F88005-A2F6-4999-830C-70F3133C9564}
		{6C9FB20A-B7FB-4A41-91A1-B8EFD3BB7080} = {B40132D1-E305-46D2-AE24-E30E00933809}
		{9807479B-F797-4A18-9FEB-0CC576C27308} = {B40132D1-E305-46D2-AE24-E30E00933809}
		{781321C7-7737-4B1F-BA13-048169502805} = {6C9FB20A-B7FB-4A41-91A1-B8EFD3BB7080}
	EndGlobalSection
EndGlobal
