
Microsoft Visual Studio Solution File, Format Version 12.00
# Visual Studio 2013
VisualStudioVersion = 12.0.20623.1 VSUPREVIEW
MinimumVisualStudioVersion = 10.0.40219.1
Project("{2150E333-8FDC-42A3-9474-1A3956D46DE8}") = "0.ref", "0.ref", "{B8C0EB2F-D9BA-47D8-91EC-E77030B56F3C}"
EndProject
Project("{FAE04EC0-301F-11D3-BF4B-00C04F79EFBC}") = "nilnul.num.rational", "..\..\dev\projs\nilnul.num.rational\nilnul.num.rational.csproj", "{CE59CFAA-EF48-4806-8813-DB92BEB4A290}"
EndProject
Project("{FAE04EC0-301F-11D3-BF4B-00C04F79EFBC}") = "nilnul1", "..\..\dev\projs\nilnul1\nilnul1.csproj", "{22C40B37-5A47-441C-8270-D2182BB7D625}"
EndProject
Project("{FAE04EC0-301F-11D3-BF4B-00C04F79EFBC}") = "nilnul.bit1", "..\..\dev\projs\nilnul.bit1\nilnul.bit1.csproj", "{44B8389A-B3DA-412D-8886-2CD9E70D6412}"
EndProject
Project("{FAE04EC0-301F-11D3-BF4B-00C04F79EFBC}") = "nilnul.op(130106)", "..\..\dev\projs\nilnul.op\nilnul.op(130106).csproj", "{25384ED8-34B4-48DD-B99E-471C443715A1}"
EndProject
Project("{FAE04EC0-301F-11D3-BF4B-00C04F79EFBC}") = "nilnul.collection", "..\..\dev\projs\nilnul.collection\nilnul.collection.csproj", "{1B4258B0-7D81-4434-9A77-5DC075D83143}"
EndProject
Project("{FAE04EC0-301F-11D3-BF4B-00C04F79EFBC}") = "nilnul.collection.set", "..\..\dev\projs\nilnul.collection.set\nilnul.collection.set.csproj", "{F340C5BA-ED23-481B-A5EA-A001FC8C7653}"
EndProject
Project("{FAE04EC0-301F-11D3-BF4B-00C04F79EFBC}") = "nilnul.num.integer", "..\..\dev\projs\nilnul.num.integer\nilnul.num.integer.csproj", "{F0437FAB-A4D2-4399-BF59-2F0F4848A714}"
EndProject
Project("{FAE04EC0-301F-11D3-BF4B-00C04F79EFBC}") = "nilnul.num.natural(130106)", "..\..\dev\projs\nilnul.num.natural(130106\nilnul.num.natural(130106).csproj", "{B5C58301-6B0B-4771-AB32-73963928D644}"
EndProject
Project("{FAE04EC0-301F-11D3-BF4B-00C04F79EFBC}") = "nilnul.num.natural.extended(130108", "..\..\dev\projs\nilnul.num.natural.extended(130108\nilnul.num.natural.extended(130108.csproj", "{FD7788A0-3104-432D-AA17-346C47C2EC7C}"
EndProject
Project("{FAE04EC0-301F-11D3-BF4B-00C04F79EFBC}") = "nilnul.num.integer.extended(120108", "..\..\dev\projs\nilnul.num.integer.extended(120108\nilnul.num.integer.extended(120108.csproj", "{BB42BED4-80E4-423A-84E2-704532498CCF}"
EndProject
Project("{FAE04EC0-301F-11D3-BF4B-00C04F79EFBC}") = "nilnul.relation.order", "..\..\dev\projs\nilnul.relation.order\nilnul.relation.order.csproj", "{1CA9DAAB-A2DC-4252-B89F-6B1159B01BC7}"
EndProject
Project("{FAE04EC0-301F-11D3-BF4B-00C04F79EFBC}") = "nilnul.collection.set._test", "..\..\dev\projs\nilnul.collection.set._test\nilnul.collection.set._test.csproj", "{5B1C9C94-20E7-4197-AA46-1E58D3531DA0}"
EndProject
Project("{FAE04EC0-301F-11D3-BF4B-00C04F79EFBC}") = "nilnul.bit._test", "..\..\dev\projs\nilnul.bit._test\nilnul.bit._test.csproj", "{BB6316B9-FC49-43FF-90B6-FC94B4009D2D}"
EndProject
Project("{FAE04EC0-301F-11D3-BF4B-00C04F79EFBC}") = "nilnul.collection.set.relation.function.sequence", "..\..\dev\projs\nilnul.collection.set.relation.function.sequence\nilnul.collection.set.relation.function.sequence.csproj", "{37BE0AFB-9985-4FDA-9939-25C68752FB3C}"
EndProject
Project("{FAE04EC0-301F-11D3-BF4B-00C04F79EFBC}") = "nilnul.relation", "..\..\dev\projs\nilnul.relation\nilnul.relation.csproj", "{0D8530C1-BEE7-4DC7-BF80-41FCD2630E39}"
EndProject
Project("{FAE04EC0-301F-11D3-BF4B-00C04F79EFBC}") = "nilnul.collection.set.relation.function", "..\..\dev\projs\nilnul.collection.set.relation.function\nilnul.collection.set.relation.function.csproj", "{97A84D57-151E-4DB8-A626-2C4F05A04AFF}"
EndProject
Project("{FAE04EC0-301F-11D3-BF4B-00C04F79EFBC}") = "nilnul.collection.set.relation", "..\..\dev\projs\nilnul.collection.set.relation\nilnul.collection.set.relation.csproj", "{BCFA5AAB-F1FE-4B58-AEB8-B5BDB4FB7337}"
EndProject
Project("{FAE04EC0-301F-11D3-BF4B-00C04F79EFBC}") = "nilnul.collection.set.relation.order", "..\..\dev\projs\nilnul.collection.set.relation.order\nilnul.collection.set.relation.order.csproj", "{FA84B150-9B7D-417F-8BF5-A7B3436E7ADA}"
EndProject
Project("{FAE04EC0-301F-11D3-BF4B-00C04F79EFBC}") = "nilnul.order", "..\..\dev\projs\nilnul.order\nilnul.order.csproj", "{20F86278-9889-4E2D-80B7-EACF7869F8D1}"
EndProject
Project("{FAE04EC0-301F-11D3-BF4B-00C04F79EFBC}") = "nilnul.collection.interval", "..\..\dev\projs\nilnul.collection.interval\nilnul.collection.interval.csproj", "{C2193530-6A77-427B-BF46-BF9DAE111B10}"
EndProject
Project("{F088123C-0E9E-452A-89E6-6BA2F21D5CAC}") = "nilnul.order._doc", "..\..\dev\projs\nilnul.order._doc\nilnul.order._doc.modelproj", "{0A122465-789B-46A2-A9FA-0586439DA946}"
EndProject
Project("{2150E333-8FDC-42A3-9474-1A3956D46DE8}") = "previous", "previous", "{4A300F9F-5122-4B06-AAF3-90DFE769CBB9}"
EndProject
Project("{FAE04EC0-301F-11D3-BF4B-00C04F79EFBC}") = "nilnul.eq", "..\..\dev\projs\nilnul.eq\nilnul.eq.csproj", "{C6F223B3-19D7-4BAC-9E45-1556849C3C4B}"
EndProject
Project("{FAE04EC0-301F-11D3-BF4B-00C04F79EFBC}") = "nilnul.type(130112", "..\..\dev\projs\nilnul.type(130112\nilnul.type(130112.csproj", "{0388896A-948F-4F9C-886A-CCB5C91C7127}"
EndProject
Project("{FAE04EC0-301F-11D3-BF4B-00C04F79EFBC}") = "nilnul.type._test", "..\..\dev\projs\nilnul.type._test\nilnul.type._test.csproj", "{68C4D8F2-3C95-419C-9B4F-188BDC9AEDC0}"
EndProject
Project("{FAE04EC0-301F-11D3-BF4B-00C04F79EFBC}") = "nilnul.sequence", "..\..\dev\projs\nilnul.sequence\nilnul.sequence.csproj", "{ABCF92F6-174B-4072-9BCA-BF967E0620D8}"
EndProject
Project("{FAE04EC0-301F-11D3-BF4B-00C04F79EFBC}") = "nilnul.collection.set.cardinal", "..\..\dev\projs\nilnul.collection.set.cardinal\nilnul.collection.set.cardinal.csproj", "{9386AC57-5A25-462B-9414-4F282408955C}"
EndProject
Project("{2150E333-8FDC-42A3-9474-1A3956D46DE8}") = "888.work", "888.work", "{FCE61122-0257-496C-8E4E-1A17DFBEFB02}"
EndProject
Project("{E24C65DC-7377-472B-9ABA-BC803B73C61A}") = "nilnul.relation.order._web.Ken", "..\nilnul.relation.order._web.Ken", "{BCEBFD9F-DB89-4F62-A7C9-072E8AD8DC92}"
	ProjectSection(WebsiteProperties) = preProject
		TargetFrameworkMoniker = ".NETFramework,Version%3Dv4.0"
		Debug.AspNetCompiler.VirtualPath = "/nilnul.order._web.Ken"
		Debug.AspNetCompiler.PhysicalPath = "..\nilnul.relation.order._web.Ken\"
		Debug.AspNetCompiler.TargetPath = "PrecompiledWeb\nilnul.order._web.Ken\"
		Debug.AspNetCompiler.Updateable = "true"
		Debug.AspNetCompiler.ForceOverwrite = "true"
		Debug.AspNetCompiler.FixedNames = "false"
		Debug.AspNetCompiler.Debug = "True"
		Release.AspNetCompiler.VirtualPath = "/nilnul.order._web.Ken"
		Release.AspNetCompiler.PhysicalPath = "..\nilnul.relation.order._web.Ken\"
		Release.AspNetCompiler.TargetPath = "PrecompiledWeb\nilnul.order._web.Ken\"
		Release.AspNetCompiler.Updateable = "true"
		Release.AspNetCompiler.ForceOverwrite = "true"
		Release.AspNetCompiler.FixedNames = "false"
		Release.AspNetCompiler.Debug = "False"
		VWDPort = "63768"
	EndProjectSection
	ProjectSection(WebsiteProperties) = preProject
		TargetFrameworkMoniker = ".NETFramework,Version%3Dv4.0"
		Debug.AspNetCompiler.VirtualPath = "/nilnul.order._web.Ken"
		Debug.AspNetCompiler.PhysicalPath = "..\nilnul.relation.order._web.Ken\"
		Debug.AspNetCompiler.TargetPath = "PrecompiledWeb\nilnul.order._web.Ken\"
		Debug.AspNetCompiler.Updateable = "true"
		Debug.AspNetCompiler.ForceOverwrite = "true"
		Debug.AspNetCompiler.FixedNames = "false"
		Debug.AspNetCompiler.Debug = "True"
		Release.AspNetCompiler.VirtualPath = "/nilnul.order._web.Ken"
		Release.AspNetCompiler.PhysicalPath = "..\nilnul.relation.order._web.Ken\"
		Release.AspNetCompiler.TargetPath = "PrecompiledWeb\nilnul.order._web.Ken\"
		Release.AspNetCompiler.Updateable = "true"
		Release.AspNetCompiler.ForceOverwrite = "true"
		Release.AspNetCompiler.FixedNames = "false"
		Release.AspNetCompiler.Debug = "False"
		VWDPort = "63768"
	EndProjectSection
	ProjectSection(WebsiteProperties) = preProject
		TargetFrameworkMoniker = ".NETFramework,Version%3Dv4.0"
		Debug.AspNetCompiler.VirtualPath = "/nilnul.order._web.Ken"
		Debug.AspNetCompiler.PhysicalPath = "..\nilnul.relation.order._web.Ken\"
		Debug.AspNetCompiler.TargetPath = "PrecompiledWeb\nilnul.order._web.Ken\"
		Debug.AspNetCompiler.Updateable = "true"
		Debug.AspNetCompiler.ForceOverwrite = "true"
		Debug.AspNetCompiler.FixedNames = "false"
		Debug.AspNetCompiler.Debug = "True"
		Release.AspNetCompiler.VirtualPath = "/nilnul.order._web.Ken"
		Release.AspNetCompiler.PhysicalPath = "..\nilnul.relation.order._web.Ken\"
		Release.AspNetCompiler.TargetPath = "PrecompiledWeb\nilnul.order._web.Ken\"
		Release.AspNetCompiler.Updateable = "true"
		Release.AspNetCompiler.ForceOverwrite = "true"
		Release.AspNetCompiler.FixedNames = "false"
		Release.AspNetCompiler.Debug = "False"
		VWDPort = "63768"
	EndProjectSection
	ProjectSection(WebsiteProperties) = preProject
		TargetFrameworkMoniker = ".NETFramework,Version%3Dv4.0"
		Debug.AspNetCompiler.VirtualPath = "/nilnul.order._web.Ken"
		Debug.AspNetCompiler.PhysicalPath = "..\nilnul.relation.order._web.Ken\"
		Debug.AspNetCompiler.TargetPath = "PrecompiledWeb\nilnul.order._web.Ken\"
		Debug.AspNetCompiler.Updateable = "true"
		Debug.AspNetCompiler.ForceOverwrite = "true"
		Debug.AspNetCompiler.FixedNames = "false"
		Debug.AspNetCompiler.Debug = "True"
		Release.AspNetCompiler.VirtualPath = "/nilnul.order._web.Ken"
		Release.AspNetCompiler.PhysicalPath = "..\nilnul.relation.order._web.Ken\"
		Release.AspNetCompiler.TargetPath = "PrecompiledWeb\nilnul.order._web.Ken\"
		Release.AspNetCompiler.Updateable = "true"
		Release.AspNetCompiler.ForceOverwrite = "true"
		Release.AspNetCompiler.FixedNames = "false"
		Release.AspNetCompiler.Debug = "False"
		VWDPort = "63768"
	EndProjectSection
EndProject
Project("{E24C65DC-7377-472B-9ABA-BC803B73C61A}") = "nilnul.relation.order", "..\nilnul.relation.order", "{AF8CBA35-4222-4C85-A311-BC591949E2BF}"
	ProjectSection(WebsiteProperties) = preProject
		TargetFrameworkMoniker = ".NETFramework,Version%3Dv4.0"
		Debug.AspNetCompiler.VirtualPath = "/nilnul.relation.order"
		Debug.AspNetCompiler.PhysicalPath = "..\nilnul.relation.order\"
		Debug.AspNetCompiler.TargetPath = "PrecompiledWeb\nilnul.relation.order\"
		Debug.AspNetCompiler.Updateable = "true"
		Debug.AspNetCompiler.ForceOverwrite = "true"
		Debug.AspNetCompiler.FixedNames = "false"
		Debug.AspNetCompiler.Debug = "True"
		Release.AspNetCompiler.VirtualPath = "/nilnul.relation.order"
		Release.AspNetCompiler.PhysicalPath = "..\nilnul.relation.order\"
		Release.AspNetCompiler.TargetPath = "PrecompiledWeb\nilnul.relation.order\"
		Release.AspNetCompiler.Updateable = "true"
		Release.AspNetCompiler.ForceOverwrite = "true"
		Release.AspNetCompiler.FixedNames = "false"
		Release.AspNetCompiler.Debug = "False"
		VWDPort = "27108"
	EndProjectSection
EndProject
Project("{FAE04EC0-301F-11D3-BF4B-00C04F79EFBC}") = "nilnul.relation.order", "..\nilnul.relation.order\nilnul.relation.order.csproj", "{E842AD62-1220-414B-8F73-0770F9A805D5}"
EndProject
Project("{FAE04EC0-301F-11D3-BF4B-00C04F79EFBC}") = "nilnul.order._web.Ken", "nilnul.order._web.Ken.csproj", "{3C7345F6-4BF7-46C9-8526-EC90CDEDC0C6}"
EndProject
Project("{F088123C-0E9E-452A-89E6-6BA2F21D5CAC}") = "nilnul.order._doc", "..\nilnul.relation.order._model\nilnul.order._doc.modelproj", "{3953A5EF-3122-4AE6-8CD6-E24314B1D613}"
EndProject
Global
	GlobalSection(SolutionConfigurationPlatforms) = preSolution
		Debug|Any CPU = Debug|Any CPU
		Debug|Mixed Platforms = Debug|Mixed Platforms
		Debug|x86 = Debug|x86
		Release|Any CPU = Release|Any CPU
		Release|Mixed Platforms = Release|Mixed Platforms
		Release|x86 = Release|x86
	EndGlobalSection
	GlobalSection(ProjectConfigurationPlatforms) = postSolution
		{CE59CFAA-EF48-4806-8813-DB92BEB4A290}.Debug|Any CPU.ActiveCfg = Debug|Any CPU
		{CE59CFAA-EF48-4806-8813-DB92BEB4A290}.Debug|Any CPU.Build.0 = Debug|Any CPU
		{CE59CFAA-EF48-4806-8813-DB92BEB4A290}.Debug|Mixed Platforms.ActiveCfg = Debug|Any CPU
		{CE59CFAA-EF48-4806-8813-DB92BEB4A290}.Debug|Mixed Platforms.Build.0 = Debug|Any CPU
		{CE59CFAA-EF48-4806-8813-DB92BEB4A290}.Debug|x86.ActiveCfg = Debug|Any CPU
		{CE59CFAA-EF48-4806-8813-DB92BEB4A290}.Release|Any CPU.ActiveCfg = Release|Any CPU
		{CE59CFAA-EF48-4806-8813-DB92BEB4A290}.Release|Any CPU.Build.0 = Release|Any CPU
		{CE59CFAA-EF48-4806-8813-DB92BEB4A290}.Release|Mixed Platforms.ActiveCfg = Release|Any CPU
		{CE59CFAA-EF48-4806-8813-DB92BEB4A290}.Release|Mixed Platforms.Build.0 = Release|Any CPU
		{CE59CFAA-EF48-4806-8813-DB92BEB4A290}.Release|x86.ActiveCfg = Release|Any CPU
		{22C40B37-5A47-441C-8270-D2182BB7D625}.Debug|Any CPU.ActiveCfg = Debug|Any CPU
		{22C40B37-5A47-441C-8270-D2182BB7D625}.Debug|Any CPU.Build.0 = Debug|Any CPU
		{22C40B37-5A47-441C-8270-D2182BB7D625}.Debug|Mixed Platforms.ActiveCfg = Debug|Any CPU
		{22C40B37-5A47-441C-8270-D2182BB7D625}.Debug|Mixed Platforms.Build.0 = Debug|Any CPU
		{22C40B37-5A47-441C-8270-D2182BB7D625}.Debug|x86.ActiveCfg = Debug|Any CPU
		{22C40B37-5A47-441C-8270-D2182BB7D625}.Release|Any CPU.ActiveCfg = Release|Any CPU
		{22C40B37-5A47-441C-8270-D2182BB7D625}.Release|Any CPU.Build.0 = Release|Any CPU
		{22C40B37-5A47-441C-8270-D2182BB7D625}.Release|Mixed Platforms.ActiveCfg = Release|Any CPU
		{22C40B37-5A47-441C-8270-D2182BB7D625}.Release|Mixed Platforms.Build.0 = Release|Any CPU
		{22C40B37-5A47-441C-8270-D2182BB7D625}.Release|x86.ActiveCfg = Release|Any CPU
		{44B8389A-B3DA-412D-8886-2CD9E70D6412}.Debug|Any CPU.ActiveCfg = Debug|Any CPU
		{44B8389A-B3DA-412D-8886-2CD9E70D6412}.Debug|Any CPU.Build.0 = Debug|Any CPU
		{44B8389A-B3DA-412D-8886-2CD9E70D6412}.Debug|Mixed Platforms.ActiveCfg = Debug|Any CPU
		{44B8389A-B3DA-412D-8886-2CD9E70D6412}.Debug|Mixed Platforms.Build.0 = Debug|Any CPU
		{44B8389A-B3DA-412D-8886-2CD9E70D6412}.Debug|x86.ActiveCfg = Debug|Any CPU
		{44B8389A-B3DA-412D-8886-2CD9E70D6412}.Release|Any CPU.ActiveCfg = Release|Any CPU
		{44B8389A-B3DA-412D-8886-2CD9E70D6412}.Release|Any CPU.Build.0 = Release|Any CPU
		{44B8389A-B3DA-412D-8886-2CD9E70D6412}.Release|Mixed Platforms.ActiveCfg = Release|Any CPU
		{44B8389A-B3DA-412D-8886-2CD9E70D6412}.Release|Mixed Platforms.Build.0 = Release|Any CPU
		{44B8389A-B3DA-412D-8886-2CD9E70D6412}.Release|x86.ActiveCfg = Release|Any CPU
		{25384ED8-34B4-48DD-B99E-471C443715A1}.Debug|Any CPU.ActiveCfg = Debug|Any CPU
		{25384ED8-34B4-48DD-B99E-471C443715A1}.Debug|Any CPU.Build.0 = Debug|Any CPU
		{25384ED8-34B4-48DD-B99E-471C443715A1}.Debug|Mixed Platforms.ActiveCfg = Debug|Any CPU
		{25384ED8-34B4-48DD-B99E-471C443715A1}.Debug|Mixed Platforms.Build.0 = Debug|Any CPU
		{25384ED8-34B4-48DD-B99E-471C443715A1}.Debug|x86.ActiveCfg = Debug|Any CPU
		{25384ED8-34B4-48DD-B99E-471C443715A1}.Release|Any CPU.ActiveCfg = Release|Any CPU
		{25384ED8-34B4-48DD-B99E-471C443715A1}.Release|Any CPU.Build.0 = Release|Any CPU
		{25384ED8-34B4-48DD-B99E-471C443715A1}.Release|Mixed Platforms.ActiveCfg = Release|Any CPU
		{25384ED8-34B4-48DD-B99E-471C443715A1}.Release|Mixed Platforms.Build.0 = Release|Any CPU
		{25384ED8-34B4-48DD-B99E-471C443715A1}.Release|x86.ActiveCfg = Release|Any CPU
		{1B4258B0-7D81-4434-9A77-5DC075D83143}.Debug|Any CPU.ActiveCfg = Debug|Any CPU
		{1B4258B0-7D81-4434-9A77-5DC075D83143}.Debug|Any CPU.Build.0 = Debug|Any CPU
		{1B4258B0-7D81-4434-9A77-5DC075D83143}.Debug|Mixed Platforms.ActiveCfg = Debug|Any CPU
		{1B4258B0-7D81-4434-9A77-5DC075D83143}.Debug|Mixed Platforms.Build.0 = Debug|Any CPU
		{1B4258B0-7D81-4434-9A77-5DC075D83143}.Debug|x86.ActiveCfg = Debug|Any CPU
		{1B4258B0-7D81-4434-9A77-5DC075D83143}.Release|Any CPU.ActiveCfg = Release|Any CPU
		{1B4258B0-7D81-4434-9A77-5DC075D83143}.Release|Any CPU.Build.0 = Release|Any CPU
		{1B4258B0-7D81-4434-9A77-5DC075D83143}.Release|Mixed Platforms.ActiveCfg = Release|Any CPU
		{1B4258B0-7D81-4434-9A77-5DC075D83143}.Release|Mixed Platforms.Build.0 = Release|Any CPU
		{1B4258B0-7D81-4434-9A77-5DC075D83143}.Release|x86.ActiveCfg = Release|Any CPU
		{F340C5BA-ED23-481B-A5EA-A001FC8C7653}.Debug|Any CPU.ActiveCfg = Debug|Any CPU
		{F340C5BA-ED23-481B-A5EA-A001FC8C7653}.Debug|Any CPU.Build.0 = Debug|Any CPU
		{F340C5BA-ED23-481B-A5EA-A001FC8C7653}.Debug|Mixed Platforms.ActiveCfg = Debug|Any CPU
		{F340C5BA-ED23-481B-A5EA-A001FC8C7653}.Debug|Mixed Platforms.Build.0 = Debug|Any CPU
		{F340C5BA-ED23-481B-A5EA-A001FC8C7653}.Debug|x86.ActiveCfg = Debug|Any CPU
		{F340C5BA-ED23-481B-A5EA-A001FC8C7653}.Release|Any CPU.ActiveCfg = Release|Any CPU
		{F340C5BA-ED23-481B-A5EA-A001FC8C7653}.Release|Any CPU.Build.0 = Release|Any CPU
		{F340C5BA-ED23-481B-A5EA-A001FC8C7653}.Release|Mixed Platforms.ActiveCfg = Release|Any CPU
		{F340C5BA-ED23-481B-A5EA-A001FC8C7653}.Release|Mixed Platforms.Build.0 = Release|Any CPU
		{F340C5BA-ED23-481B-A5EA-A001FC8C7653}.Release|x86.ActiveCfg = Release|Any CPU
		{F0437FAB-A4D2-4399-BF59-2F0F4848A714}.Debug|Any CPU.ActiveCfg = Debug|Any CPU
		{F0437FAB-A4D2-4399-BF59-2F0F4848A714}.Debug|Any CPU.Build.0 = Debug|Any CPU
		{F0437FAB-A4D2-4399-BF59-2F0F4848A714}.Debug|Mixed Platforms.ActiveCfg = Debug|Any CPU
		{F0437FAB-A4D2-4399-BF59-2F0F4848A714}.Debug|Mixed Platforms.Build.0 = Debug|Any CPU
		{F0437FAB-A4D2-4399-BF59-2F0F4848A714}.Debug|x86.ActiveCfg = Debug|Any CPU
		{F0437FAB-A4D2-4399-BF59-2F0F4848A714}.Release|Any CPU.ActiveCfg = Release|Any CPU
		{F0437FAB-A4D2-4399-BF59-2F0F4848A714}.Release|Any CPU.Build.0 = Release|Any CPU
		{F0437FAB-A4D2-4399-BF59-2F0F4848A714}.Release|Mixed Platforms.ActiveCfg = Release|Any CPU
		{F0437FAB-A4D2-4399-BF59-2F0F4848A714}.Release|Mixed Platforms.Build.0 = Release|Any CPU
		{F0437FAB-A4D2-4399-BF59-2F0F4848A714}.Release|x86.ActiveCfg = Release|Any CPU
		{B5C58301-6B0B-4771-AB32-73963928D644}.Debug|Any CPU.ActiveCfg = Debug|Any CPU
		{B5C58301-6B0B-4771-AB32-73963928D644}.Debug|Any CPU.Build.0 = Debug|Any CPU
		{B5C58301-6B0B-4771-AB32-73963928D644}.Debug|Mixed Platforms.ActiveCfg = Debug|Any CPU
		{B5C58301-6B0B-4771-AB32-73963928D644}.Debug|Mixed Platforms.Build.0 = Debug|Any CPU
		{B5C58301-6B0B-4771-AB32-73963928D644}.Debug|x86.ActiveCfg = Debug|Any CPU
		{B5C58301-6B0B-4771-AB32-73963928D644}.Release|Any CPU.ActiveCfg = Release|Any CPU
		{B5C58301-6B0B-4771-AB32-73963928D644}.Release|Any CPU.Build.0 = Release|Any CPU
		{B5C58301-6B0B-4771-AB32-73963928D644}.Release|Mixed Platforms.ActiveCfg = Release|Any CPU
		{B5C58301-6B0B-4771-AB32-73963928D644}.Release|Mixed Platforms.Build.0 = Release|Any CPU
		{B5C58301-6B0B-4771-AB32-73963928D644}.Release|x86.ActiveCfg = Release|Any CPU
		{FD7788A0-3104-432D-AA17-346C47C2EC7C}.Debug|Any CPU.ActiveCfg = Debug|Any CPU
		{FD7788A0-3104-432D-AA17-346C47C2EC7C}.Debug|Any CPU.Build.0 = Debug|Any CPU
		{FD7788A0-3104-432D-AA17-346C47C2EC7C}.Debug|Mixed Platforms.ActiveCfg = Debug|Any CPU
		{FD7788A0-3104-432D-AA17-346C47C2EC7C}.Debug|Mixed Platforms.Build.0 = Debug|Any CPU
		{FD7788A0-3104-432D-AA17-346C47C2EC7C}.Debug|x86.ActiveCfg = Debug|Any CPU
		{FD7788A0-3104-432D-AA17-346C47C2EC7C}.Release|Any CPU.ActiveCfg = Release|Any CPU
		{FD7788A0-3104-432D-AA17-346C47C2EC7C}.Release|Any CPU.Build.0 = Release|Any CPU
		{FD7788A0-3104-432D-AA17-346C47C2EC7C}.Release|Mixed Platforms.ActiveCfg = Release|Any CPU
		{FD7788A0-3104-432D-AA17-346C47C2EC7C}.Release|Mixed Platforms.Build.0 = Release|Any CPU
		{FD7788A0-3104-432D-AA17-346C47C2EC7C}.Release|x86.ActiveCfg = Release|Any CPU
		{BB42BED4-80E4-423A-84E2-704532498CCF}.Debug|Any CPU.ActiveCfg = Debug|Any CPU
		{BB42BED4-80E4-423A-84E2-704532498CCF}.Debug|Any CPU.Build.0 = Debug|Any CPU
		{BB42BED4-80E4-423A-84E2-704532498CCF}.Debug|Mixed Platforms.ActiveCfg = Debug|Any CPU
		{BB42BED4-80E4-423A-84E2-704532498CCF}.Debug|Mixed Platforms.Build.0 = Debug|Any CPU
		{BB42BED4-80E4-423A-84E2-704532498CCF}.Debug|x86.ActiveCfg = Debug|Any CPU
		{BB42BED4-80E4-423A-84E2-704532498CCF}.Release|Any CPU.ActiveCfg = Release|Any CPU
		{BB42BED4-80E4-423A-84E2-704532498CCF}.Release|Any CPU.Build.0 = Release|Any CPU
		{BB42BED4-80E4-423A-84E2-704532498CCF}.Release|Mixed Platforms.ActiveCfg = Release|Any CPU
		{BB42BED4-80E4-423A-84E2-704532498CCF}.Release|Mixed Platforms.Build.0 = Release|Any CPU
		{BB42BED4-80E4-423A-84E2-704532498CCF}.Release|x86.ActiveCfg = Release|Any CPU
		{1CA9DAAB-A2DC-4252-B89F-6B1159B01BC7}.Debug|Any CPU.ActiveCfg = Debug|Any CPU
		{1CA9DAAB-A2DC-4252-B89F-6B1159B01BC7}.Debug|Any CPU.Build.0 = Debug|Any CPU
		{1CA9DAAB-A2DC-4252-B89F-6B1159B01BC7}.Debug|Mixed Platforms.ActiveCfg = Debug|Any CPU
		{1CA9DAAB-A2DC-4252-B89F-6B1159B01BC7}.Debug|Mixed Platforms.Build.0 = Debug|Any CPU
		{1CA9DAAB-A2DC-4252-B89F-6B1159B01BC7}.Debug|x86.ActiveCfg = Debug|Any CPU
		{1CA9DAAB-A2DC-4252-B89F-6B1159B01BC7}.Release|Any CPU.ActiveCfg = Release|Any CPU
		{1CA9DAAB-A2DC-4252-B89F-6B1159B01BC7}.Release|Any CPU.Build.0 = Release|Any CPU
		{1CA9DAAB-A2DC-4252-B89F-6B1159B01BC7}.Release|Mixed Platforms.ActiveCfg = Release|Any CPU
		{1CA9DAAB-A2DC-4252-B89F-6B1159B01BC7}.Release|Mixed Platforms.Build.0 = Release|Any CPU
		{1CA9DAAB-A2DC-4252-B89F-6B1159B01BC7}.Release|x86.ActiveCfg = Release|Any CPU
		{5B1C9C94-20E7-4197-AA46-1E58D3531DA0}.Debug|Any CPU.ActiveCfg = Debug|Any CPU
		{5B1C9C94-20E7-4197-AA46-1E58D3531DA0}.Debug|Any CPU.Build.0 = Debug|Any CPU
		{5B1C9C94-20E7-4197-AA46-1E58D3531DA0}.Debug|Mixed Platforms.ActiveCfg = Debug|Any CPU
		{5B1C9C94-20E7-4197-AA46-1E58D3531DA0}.Debug|Mixed Platforms.Build.0 = Debug|Any CPU
		{5B1C9C94-20E7-4197-AA46-1E58D3531DA0}.Debug|x86.ActiveCfg = Debug|Any CPU
		{5B1C9C94-20E7-4197-AA46-1E58D3531DA0}.Release|Any CPU.ActiveCfg = Release|Any CPU
		{5B1C9C94-20E7-4197-AA46-1E58D3531DA0}.Release|Any CPU.Build.0 = Release|Any CPU
		{5B1C9C94-20E7-4197-AA46-1E58D3531DA0}.Release|Mixed Platforms.ActiveCfg = Release|Any CPU
		{5B1C9C94-20E7-4197-AA46-1E58D3531DA0}.Release|Mixed Platforms.Build.0 = Release|Any CPU
		{5B1C9C94-20E7-4197-AA46-1E58D3531DA0}.Release|x86.ActiveCfg = Release|Any CPU
		{BB6316B9-FC49-43FF-90B6-FC94B4009D2D}.Debug|Any CPU.ActiveCfg = Debug|Any CPU
		{BB6316B9-FC49-43FF-90B6-FC94B4009D2D}.Debug|Any CPU.Build.0 = Debug|Any CPU
		{BB6316B9-FC49-43FF-90B6-FC94B4009D2D}.Debug|Mixed Platforms.ActiveCfg = Debug|Any CPU
		{BB6316B9-FC49-43FF-90B6-FC94B4009D2D}.Debug|Mixed Platforms.Build.0 = Debug|Any CPU
		{BB6316B9-FC49-43FF-90B6-FC94B4009D2D}.Debug|x86.ActiveCfg = Debug|Any CPU
		{BB6316B9-FC49-43FF-90B6-FC94B4009D2D}.Release|Any CPU.ActiveCfg = Release|Any CPU
		{BB6316B9-FC49-43FF-90B6-FC94B4009D2D}.Release|Any CPU.Build.0 = Release|Any CPU
		{BB6316B9-FC49-43FF-90B6-FC94B4009D2D}.Release|Mixed Platforms.ActiveCfg = Release|Any CPU
		{BB6316B9-FC49-43FF-90B6-FC94B4009D2D}.Release|Mixed Platforms.Build.0 = Release|Any CPU
		{BB6316B9-FC49-43FF-90B6-FC94B4009D2D}.Release|x86.ActiveCfg = Release|Any CPU
		{37BE0AFB-9985-4FDA-9939-25C68752FB3C}.Debug|Any CPU.ActiveCfg = Debug|Any CPU
		{37BE0AFB-9985-4FDA-9939-25C68752FB3C}.Debug|Any CPU.Build.0 = Debug|Any CPU
		{37BE0AFB-9985-4FDA-9939-25C68752FB3C}.Debug|Mixed Platforms.ActiveCfg = Debug|Any CPU
		{37BE0AFB-9985-4FDA-9939-25C68752FB3C}.Debug|Mixed Platforms.Build.0 = Debug|Any CPU
		{37BE0AFB-9985-4FDA-9939-25C68752FB3C}.Debug|x86.ActiveCfg = Debug|Any CPU
		{37BE0AFB-9985-4FDA-9939-25C68752FB3C}.Release|Any CPU.ActiveCfg = Release|Any CPU
		{37BE0AFB-9985-4FDA-9939-25C68752FB3C}.Release|Any CPU.Build.0 = Release|Any CPU
		{37BE0AFB-9985-4FDA-9939-25C68752FB3C}.Release|Mixed Platforms.ActiveCfg = Release|Any CPU
		{37BE0AFB-9985-4FDA-9939-25C68752FB3C}.Release|Mixed Platforms.Build.0 = Release|Any CPU
		{37BE0AFB-9985-4FDA-9939-25C68752FB3C}.Release|x86.ActiveCfg = Release|Any CPU
		{0D8530C1-BEE7-4DC7-BF80-41FCD2630E39}.Debug|Any CPU.ActiveCfg = Debug|Any CPU
		{0D8530C1-BEE7-4DC7-BF80-41FCD2630E39}.Debug|Any CPU.Build.0 = Debug|Any CPU
		{0D8530C1-BEE7-4DC7-BF80-41FCD2630E39}.Debug|Mixed Platforms.ActiveCfg = Debug|Any CPU
		{0D8530C1-BEE7-4DC7-BF80-41FCD2630E39}.Debug|Mixed Platforms.Build.0 = Debug|Any CPU
		{0D8530C1-BEE7-4DC7-BF80-41FCD2630E39}.Debug|x86.ActiveCfg = Debug|Any CPU
		{0D8530C1-BEE7-4DC7-BF80-41FCD2630E39}.Release|Any CPU.ActiveCfg = Release|Any CPU
		{0D8530C1-BEE7-4DC7-BF80-41FCD2630E39}.Release|Any CPU.Build.0 = Release|Any CPU
		{0D8530C1-BEE7-4DC7-BF80-41FCD2630E39}.Release|Mixed Platforms.ActiveCfg = Release|Any CPU
		{0D8530C1-BEE7-4DC7-BF80-41FCD2630E39}.Release|Mixed Platforms.Build.0 = Release|Any CPU
		{0D8530C1-BEE7-4DC7-BF80-41FCD2630E39}.Release|x86.ActiveCfg = Release|Any CPU
		{97A84D57-151E-4DB8-A626-2C4F05A04AFF}.Debug|Any CPU.ActiveCfg = Debug|Any CPU
		{97A84D57-151E-4DB8-A626-2C4F05A04AFF}.Debug|Any CPU.Build.0 = Debug|Any CPU
		{97A84D57-151E-4DB8-A626-2C4F05A04AFF}.Debug|Mixed Platforms.ActiveCfg = Debug|Any CPU
		{97A84D57-151E-4DB8-A626-2C4F05A04AFF}.Debug|Mixed Platforms.Build.0 = Debug|Any CPU
		{97A84D57-151E-4DB8-A626-2C4F05A04AFF}.Debug|x86.ActiveCfg = Debug|Any CPU
		{97A84D57-151E-4DB8-A626-2C4F05A04AFF}.Release|Any CPU.ActiveCfg = Release|Any CPU
		{97A84D57-151E-4DB8-A626-2C4F05A04AFF}.Release|Any CPU.Build.0 = Release|Any CPU
		{97A84D57-151E-4DB8-A626-2C4F05A04AFF}.Release|Mixed Platforms.ActiveCfg = Release|Any CPU
		{97A84D57-151E-4DB8-A626-2C4F05A04AFF}.Release|Mixed Platforms.Build.0 = Release|Any CPU
		{97A84D57-151E-4DB8-A626-2C4F05A04AFF}.Release|x86.ActiveCfg = Release|Any CPU
		{BCFA5AAB-F1FE-4B58-AEB8-B5BDB4FB7337}.Debug|Any CPU.ActiveCfg = Debug|Any CPU
		{BCFA5AAB-F1FE-4B58-AEB8-B5BDB4FB7337}.Debug|Any CPU.Build.0 = Debug|Any CPU
		{BCFA5AAB-F1FE-4B58-AEB8-B5BDB4FB7337}.Debug|Mixed Platforms.ActiveCfg = Debug|Any CPU
		{BCFA5AAB-F1FE-4B58-AEB8-B5BDB4FB7337}.Debug|Mixed Platforms.Build.0 = Debug|Any CPU
		{BCFA5AAB-F1FE-4B58-AEB8-B5BDB4FB7337}.Debug|x86.ActiveCfg = Debug|Any CPU
		{BCFA5AAB-F1FE-4B58-AEB8-B5BDB4FB7337}.Release|Any CPU.ActiveCfg = Release|Any CPU
		{BCFA5AAB-F1FE-4B58-AEB8-B5BDB4FB7337}.Release|Any CPU.Build.0 = Release|Any CPU
		{BCFA5AAB-F1FE-4B58-AEB8-B5BDB4FB7337}.Release|Mixed Platforms.ActiveCfg = Release|Any CPU
		{BCFA5AAB-F1FE-4B58-AEB8-B5BDB4FB7337}.Release|Mixed Platforms.Build.0 = Release|Any CPU
		{BCFA5AAB-F1FE-4B58-AEB8-B5BDB4FB7337}.Release|x86.ActiveCfg = Release|Any CPU
		{FA84B150-9B7D-417F-8BF5-A7B3436E7ADA}.Debug|Any CPU.ActiveCfg = Debug|Any CPU
		{FA84B150-9B7D-417F-8BF5-A7B3436E7ADA}.Debug|Any CPU.Build.0 = Debug|Any CPU
		{FA84B150-9B7D-417F-8BF5-A7B3436E7ADA}.Debug|Mixed Platforms.ActiveCfg = Debug|Any CPU
		{FA84B150-9B7D-417F-8BF5-A7B3436E7ADA}.Debug|Mixed Platforms.Build.0 = Debug|Any CPU
		{FA84B150-9B7D-417F-8BF5-A7B3436E7ADA}.Debug|x86.ActiveCfg = Debug|Any CPU
		{FA84B150-9B7D-417F-8BF5-A7B3436E7ADA}.Release|Any CPU.ActiveCfg = Release|Any CPU
		{FA84B150-9B7D-417F-8BF5-A7B3436E7ADA}.Release|Any CPU.Build.0 = Release|Any CPU
		{FA84B150-9B7D-417F-8BF5-A7B3436E7ADA}.Release|Mixed Platforms.ActiveCfg = Release|Any CPU
		{FA84B150-9B7D-417F-8BF5-A7B3436E7ADA}.Release|Mixed Platforms.Build.0 = Release|Any CPU
		{FA84B150-9B7D-417F-8BF5-A7B3436E7ADA}.Release|x86.ActiveCfg = Release|Any CPU
		{20F86278-9889-4E2D-80B7-EACF7869F8D1}.Debug|Any CPU.ActiveCfg = Debug|Any CPU
		{20F86278-9889-4E2D-80B7-EACF7869F8D1}.Debug|Any CPU.Build.0 = Debug|Any CPU
		{20F86278-9889-4E2D-80B7-EACF7869F8D1}.Debug|Mixed Platforms.ActiveCfg = Debug|Any CPU
		{20F86278-9889-4E2D-80B7-EACF7869F8D1}.Debug|Mixed Platforms.Build.0 = Debug|Any CPU
		{20F86278-9889-4E2D-80B7-EACF7869F8D1}.Debug|x86.ActiveCfg = Debug|Any CPU
		{20F86278-9889-4E2D-80B7-EACF7869F8D1}.Release|Any CPU.ActiveCfg = Release|Any CPU
		{20F86278-9889-4E2D-80B7-EACF7869F8D1}.Release|Any CPU.Build.0 = Release|Any CPU
		{20F86278-9889-4E2D-80B7-EACF7869F8D1}.Release|Mixed Platforms.ActiveCfg = Release|Any CPU
		{20F86278-9889-4E2D-80B7-EACF7869F8D1}.Release|Mixed Platforms.Build.0 = Release|Any CPU
		{20F86278-9889-4E2D-80B7-EACF7869F8D1}.Release|x86.ActiveCfg = Release|Any CPU
		{C2193530-6A77-427B-BF46-BF9DAE111B10}.Debug|Any CPU.ActiveCfg = Debug|Any CPU
		{C2193530-6A77-427B-BF46-BF9DAE111B10}.Debug|Any CPU.Build.0 = Debug|Any CPU
		{C2193530-6A77-427B-BF46-BF9DAE111B10}.Debug|Mixed Platforms.ActiveCfg = Debug|Any CPU
		{C2193530-6A77-427B-BF46-BF9DAE111B10}.Debug|Mixed Platforms.Build.0 = Debug|Any CPU
		{C2193530-6A77-427B-BF46-BF9DAE111B10}.Debug|x86.ActiveCfg = Debug|Any CPU
		{C2193530-6A77-427B-BF46-BF9DAE111B10}.Release|Any CPU.ActiveCfg = Release|Any CPU
		{C2193530-6A77-427B-BF46-BF9DAE111B10}.Release|Any CPU.Build.0 = Release|Any CPU
		{C2193530-6A77-427B-BF46-BF9DAE111B10}.Release|Mixed Platforms.ActiveCfg = Release|Any CPU
		{C2193530-6A77-427B-BF46-BF9DAE111B10}.Release|Mixed Platforms.Build.0 = Release|Any CPU
		{C2193530-6A77-427B-BF46-BF9DAE111B10}.Release|x86.ActiveCfg = Release|Any CPU
		{0A122465-789B-46A2-A9FA-0586439DA946}.Debug|Any CPU.ActiveCfg = Debug|Any CPU
		{0A122465-789B-46A2-A9FA-0586439DA946}.Debug|Any CPU.Build.0 = Debug|Any CPU
		{0A122465-789B-46A2-A9FA-0586439DA946}.Debug|Mixed Platforms.ActiveCfg = Debug|Any CPU
		{0A122465-789B-46A2-A9FA-0586439DA946}.Debug|Mixed Platforms.Build.0 = Debug|Any CPU
		{0A122465-789B-46A2-A9FA-0586439DA946}.Debug|x86.ActiveCfg = Debug|Any CPU
		{0A122465-789B-46A2-A9FA-0586439DA946}.Release|Any CPU.ActiveCfg = Release|Any CPU
		{0A122465-789B-46A2-A9FA-0586439DA946}.Release|Any CPU.Build.0 = Release|Any CPU
		{0A122465-789B-46A2-A9FA-0586439DA946}.Release|Mixed Platforms.ActiveCfg = Release|Any CPU
		{0A122465-789B-46A2-A9FA-0586439DA946}.Release|Mixed Platforms.Build.0 = Release|Any CPU
		{0A122465-789B-46A2-A9FA-0586439DA946}.Release|x86.ActiveCfg = Release|Any CPU
		{C6F223B3-19D7-4BAC-9E45-1556849C3C4B}.Debug|Any CPU.ActiveCfg = Debug|Any CPU
		{C6F223B3-19D7-4BAC-9E45-1556849C3C4B}.Debug|Any CPU.Build.0 = Debug|Any CPU
		{C6F223B3-19D7-4BAC-9E45-1556849C3C4B}.Debug|Mixed Platforms.ActiveCfg = Debug|Any CPU
		{C6F223B3-19D7-4BAC-9E45-1556849C3C4B}.Debug|Mixed Platforms.Build.0 = Debug|Any CPU
		{C6F223B3-19D7-4BAC-9E45-1556849C3C4B}.Debug|x86.ActiveCfg = Debug|Any CPU
		{C6F223B3-19D7-4BAC-9E45-1556849C3C4B}.Release|Any CPU.ActiveCfg = Release|Any CPU
		{C6F223B3-19D7-4BAC-9E45-1556849C3C4B}.Release|Any CPU.Build.0 = Release|Any CPU
		{C6F223B3-19D7-4BAC-9E45-1556849C3C4B}.Release|Mixed Platforms.ActiveCfg = Release|Any CPU
		{C6F223B3-19D7-4BAC-9E45-1556849C3C4B}.Release|Mixed Platforms.Build.0 = Release|Any CPU
		{C6F223B3-19D7-4BAC-9E45-1556849C3C4B}.Release|x86.ActiveCfg = Release|Any CPU
		{0388896A-948F-4F9C-886A-CCB5C91C7127}.Debug|Any CPU.ActiveCfg = Debug|Any CPU
		{0388896A-948F-4F9C-886A-CCB5C91C7127}.Debug|Any CPU.Build.0 = Debug|Any CPU
		{0388896A-948F-4F9C-886A-CCB5C91C7127}.Debug|Mixed Platforms.ActiveCfg = Debug|Any CPU
		{0388896A-948F-4F9C-886A-CCB5C91C7127}.Debug|Mixed Platforms.Build.0 = Debug|Any CPU
		{0388896A-948F-4F9C-886A-CCB5C91C7127}.Debug|x86.ActiveCfg = Debug|Any CPU
		{0388896A-948F-4F9C-886A-CCB5C91C7127}.Release|Any CPU.ActiveCfg = Release|Any CPU
		{0388896A-948F-4F9C-886A-CCB5C91C7127}.Release|Any CPU.Build.0 = Release|Any CPU
		{0388896A-948F-4F9C-886A-CCB5C91C7127}.Release|Mixed Platforms.ActiveCfg = Release|Any CPU
		{0388896A-948F-4F9C-886A-CCB5C91C7127}.Release|Mixed Platforms.Build.0 = Release|Any CPU
		{0388896A-948F-4F9C-886A-CCB5C91C7127}.Release|x86.ActiveCfg = Release|Any CPU
		{68C4D8F2-3C95-419C-9B4F-188BDC9AEDC0}.Debug|Any CPU.ActiveCfg = Debug|Any CPU
		{68C4D8F2-3C95-419C-9B4F-188BDC9AEDC0}.Debug|Any CPU.Build.0 = Debug|Any CPU
		{68C4D8F2-3C95-419C-9B4F-188BDC9AEDC0}.Debug|Mixed Platforms.ActiveCfg = Debug|Any CPU
		{68C4D8F2-3C95-419C-9B4F-188BDC9AEDC0}.Debug|Mixed Platforms.Build.0 = Debug|Any CPU
		{68C4D8F2-3C95-419C-9B4F-188BDC9AEDC0}.Debug|x86.ActiveCfg = Debug|Any CPU
		{68C4D8F2-3C95-419C-9B4F-188BDC9AEDC0}.Release|Any CPU.ActiveCfg = Release|Any CPU
		{68C4D8F2-3C95-419C-9B4F-188BDC9AEDC0}.Release|Any CPU.Build.0 = Release|Any CPU
		{68C4D8F2-3C95-419C-9B4F-188BDC9AEDC0}.Release|Mixed Platforms.ActiveCfg = Release|Any CPU
		{68C4D8F2-3C95-419C-9B4F-188BDC9AEDC0}.Release|Mixed Platforms.Build.0 = Release|Any CPU
		{68C4D8F2-3C95-419C-9B4F-188BDC9AEDC0}.Release|x86.ActiveCfg = Release|Any CPU
		{ABCF92F6-174B-4072-9BCA-BF967E0620D8}.Debug|Any CPU.ActiveCfg = Debug|Any CPU
		{ABCF92F6-174B-4072-9BCA-BF967E0620D8}.Debug|Any CPU.Build.0 = Debug|Any CPU
		{ABCF92F6-174B-4072-9BCA-BF967E0620D8}.Debug|Mixed Platforms.ActiveCfg = Debug|Any CPU
		{ABCF92F6-174B-4072-9BCA-BF967E0620D8}.Debug|Mixed Platforms.Build.0 = Debug|Any CPU
		{ABCF92F6-174B-4072-9BCA-BF967E0620D8}.Debug|x86.ActiveCfg = Debug|Any CPU
		{ABCF92F6-174B-4072-9BCA-BF967E0620D8}.Release|Any CPU.ActiveCfg = Release|Any CPU
		{ABCF92F6-174B-4072-9BCA-BF967E0620D8}.Release|Any CPU.Build.0 = Release|Any CPU
		{ABCF92F6-174B-4072-9BCA-BF967E0620D8}.Release|Mixed Platforms.ActiveCfg = Release|Any CPU
		{ABCF92F6-174B-4072-9BCA-BF967E0620D8}.Release|Mixed Platforms.Build.0 = Release|Any CPU
		{ABCF92F6-174B-4072-9BCA-BF967E0620D8}.Release|x86.ActiveCfg = Release|Any CPU
		{9386AC57-5A25-462B-9414-4F282408955C}.Debug|Any CPU.ActiveCfg = Debug|Any CPU
		{9386AC57-5A25-462B-9414-4F282408955C}.Debug|Any CPU.Build.0 = Debug|Any CPU
		{9386AC57-5A25-462B-9414-4F282408955C}.Debug|Mixed Platforms.ActiveCfg = Debug|Any CPU
		{9386AC57-5A25-462B-9414-4F282408955C}.Debug|Mixed Platforms.Build.0 = Debug|Any CPU
		{9386AC57-5A25-462B-9414-4F282408955C}.Debug|x86.ActiveCfg = Debug|Any CPU
		{9386AC57-5A25-462B-9414-4F282408955C}.Release|Any CPU.ActiveCfg = Release|Any CPU
		{9386AC57-5A25-462B-9414-4F282408955C}.Release|Any CPU.Build.0 = Release|Any CPU
		{9386AC57-5A25-462B-9414-4F282408955C}.Release|Mixed Platforms.ActiveCfg = Release|Any CPU
		{9386AC57-5A25-462B-9414-4F282408955C}.Release|Mixed Platforms.Build.0 = Release|Any CPU
		{9386AC57-5A25-462B-9414-4F282408955C}.Release|x86.ActiveCfg = Release|Any CPU
		{BCEBFD9F-DB89-4F62-A7C9-072E8AD8DC92}.Debug|Any CPU.ActiveCfg = Debug|Any CPU
		{BCEBFD9F-DB89-4F62-A7C9-072E8AD8DC92}.Debug|Any CPU.Build.0 = Debug|Any CPU
		{BCEBFD9F-DB89-4F62-A7C9-072E8AD8DC92}.Debug|Mixed Platforms.ActiveCfg = Debug|Any CPU
		{BCEBFD9F-DB89-4F62-A7C9-072E8AD8DC92}.Debug|Mixed Platforms.Build.0 = Debug|Any CPU
		{BCEBFD9F-DB89-4F62-A7C9-072E8AD8DC92}.Debug|x86.ActiveCfg = Debug|Any CPU
		{BCEBFD9F-DB89-4F62-A7C9-072E8AD8DC92}.Release|Any CPU.ActiveCfg = Debug|Any CPU
		{BCEBFD9F-DB89-4F62-A7C9-072E8AD8DC92}.Release|Any CPU.Build.0 = Debug|Any CPU
		{BCEBFD9F-DB89-4F62-A7C9-072E8AD8DC92}.Release|Mixed Platforms.ActiveCfg = Debug|Any CPU
		{BCEBFD9F-DB89-4F62-A7C9-072E8AD8DC92}.Release|Mixed Platforms.Build.0 = Debug|Any CPU
		{BCEBFD9F-DB89-4F62-A7C9-072E8AD8DC92}.Release|x86.ActiveCfg = Debug|Any CPU
		{AF8CBA35-4222-4C85-A311-BC591949E2BF}.Debug|Any CPU.ActiveCfg = Debug|Any CPU
		{AF8CBA35-4222-4C85-A311-BC591949E2BF}.Debug|Any CPU.Build.0 = Debug|Any CPU
		{AF8CBA35-4222-4C85-A311-BC591949E2BF}.Debug|Mixed Platforms.ActiveCfg = Debug|Any CPU
		{AF8CBA35-4222-4C85-A311-BC591949E2BF}.Debug|Mixed Platforms.Build.0 = Debug|Any CPU
		{AF8CBA35-4222-4C85-A311-BC591949E2BF}.Debug|x86.ActiveCfg = Debug|Any CPU
		{AF8CBA35-4222-4C85-A311-BC591949E2BF}.Release|Any CPU.ActiveCfg = Debug|Any CPU
		{AF8CBA35-4222-4C85-A311-BC591949E2BF}.Release|Any CPU.Build.0 = Debug|Any CPU
		{AF8CBA35-4222-4C85-A311-BC591949E2BF}.Release|Mixed Platforms.ActiveCfg = Debug|Any CPU
		{AF8CBA35-4222-4C85-A311-BC591949E2BF}.Release|Mixed Platforms.Build.0 = Debug|Any CPU
		{AF8CBA35-4222-4C85-A311-BC591949E2BF}.Release|x86.ActiveCfg = Debug|Any CPU
		{E842AD62-1220-414B-8F73-0770F9A805D5}.Debug|Any CPU.ActiveCfg = Debug|Any CPU
		{E842AD62-1220-414B-8F73-0770F9A805D5}.Debug|Any CPU.Build.0 = Debug|Any CPU
		{E842AD62-1220-414B-8F73-0770F9A805D5}.Debug|Mixed Platforms.ActiveCfg = Debug|Any CPU
		{E842AD62-1220-414B-8F73-0770F9A805D5}.Debug|Mixed Platforms.Build.0 = Debug|Any CPU
		{E842AD62-1220-414B-8F73-0770F9A805D5}.Debug|x86.ActiveCfg = Debug|Any CPU
		{E842AD62-1220-414B-8F73-0770F9A805D5}.Release|Any CPU.ActiveCfg = Release|Any CPU
		{E842AD62-1220-414B-8F73-0770F9A805D5}.Release|Any CPU.Build.0 = Release|Any CPU
		{E842AD62-1220-414B-8F73-0770F9A805D5}.Release|Mixed Platforms.ActiveCfg = Release|Any CPU
		{E842AD62-1220-414B-8F73-0770F9A805D5}.Release|Mixed Platforms.Build.0 = Release|Any CPU
		{E842AD62-1220-414B-8F73-0770F9A805D5}.Release|x86.ActiveCfg = Release|Any CPU
		{3C7345F6-4BF7-46C9-8526-EC90CDEDC0C6}.Debug|Any CPU.ActiveCfg = Debug|Any CPU
		{3C7345F6-4BF7-46C9-8526-EC90CDEDC0C6}.Debug|Any CPU.Build.0 = Debug|Any CPU
		{3C7345F6-4BF7-46C9-8526-EC90CDEDC0C6}.Debug|Mixed Platforms.ActiveCfg = Debug|Any CPU
		{3C7345F6-4BF7-46C9-8526-EC90CDEDC0C6}.Debug|Mixed Platforms.Build.0 = Debug|Any CPU
		{3C7345F6-4BF7-46C9-8526-EC90CDEDC0C6}.Debug|x86.ActiveCfg = Debug|Any CPU
		{3C7345F6-4BF7-46C9-8526-EC90CDEDC0C6}.Release|Any CPU.ActiveCfg = Release|Any CPU
		{3C7345F6-4BF7-46C9-8526-EC90CDEDC0C6}.Release|Any CPU.Build.0 = Release|Any CPU
		{3C7345F6-4BF7-46C9-8526-EC90CDEDC0C6}.Release|Mixed Platforms.ActiveCfg = Release|Any CPU
		{3C7345F6-4BF7-46C9-8526-EC90CDEDC0C6}.Release|Mixed Platforms.Build.0 = Release|Any CPU
		{3C7345F6-4BF7-46C9-8526-EC90CDEDC0C6}.Release|x86.ActiveCfg = Release|Any CPU
		{3953A5EF-3122-4AE6-8CD6-E24314B1D613}.Debug|Any CPU.ActiveCfg = Debug|Any CPU
		{3953A5EF-3122-4AE6-8CD6-E24314B1D613}.Debug|Any CPU.Build.0 = Debug|Any CPU
		{3953A5EF-3122-4AE6-8CD6-E24314B1D613}.Debug|Mixed Platforms.ActiveCfg = Debug|Any CPU
		{3953A5EF-3122-4AE6-8CD6-E24314B1D613}.Debug|Mixed Platforms.Build.0 = Debug|Any CPU
		{3953A5EF-3122-4AE6-8CD6-E24314B1D613}.Debug|x86.ActiveCfg = Debug|Any CPU
		{3953A5EF-3122-4AE6-8CD6-E24314B1D613}.Release|Any CPU.ActiveCfg = Release|Any CPU
		{3953A5EF-3122-4AE6-8CD6-E24314B1D613}.Release|Any CPU.Build.0 = Release|Any CPU
		{3953A5EF-3122-4AE6-8CD6-E24314B1D613}.Release|Mixed Platforms.ActiveCfg = Release|Any CPU
		{3953A5EF-3122-4AE6-8CD6-E24314B1D613}.Release|Mixed Platforms.Build.0 = Release|Any CPU
		{3953A5EF-3122-4AE6-8CD6-E24314B1D613}.Release|x86.ActiveCfg = Release|Any CPU
	EndGlobalSection
	GlobalSection(SolutionProperties) = preSolution
		HideSolutionNode = FALSE
	EndGlobalSection
	GlobalSection(NestedProjects) = preSolution
		{CE59CFAA-EF48-4806-8813-DB92BEB4A290} = {B8C0EB2F-D9BA-47D8-91EC-E77030B56F3C}
		{22C40B37-5A47-441C-8270-D2182BB7D625} = {B8C0EB2F-D9BA-47D8-91EC-E77030B56F3C}
		{44B8389A-B3DA-412D-8886-2CD9E70D6412} = {B8C0EB2F-D9BA-47D8-91EC-E77030B56F3C}
		{25384ED8-34B4-48DD-B99E-471C443715A1} = {B8C0EB2F-D9BA-47D8-91EC-E77030B56F3C}
		{1B4258B0-7D81-4434-9A77-5DC075D83143} = {B8C0EB2F-D9BA-47D8-91EC-E77030B56F3C}
		{F340C5BA-ED23-481B-A5EA-A001FC8C7653} = {B8C0EB2F-D9BA-47D8-91EC-E77030B56F3C}
		{F0437FAB-A4D2-4399-BF59-2F0F4848A714} = {B8C0EB2F-D9BA-47D8-91EC-E77030B56F3C}
		{B5C58301-6B0B-4771-AB32-73963928D644} = {B8C0EB2F-D9BA-47D8-91EC-E77030B56F3C}
		{BB42BED4-80E4-423A-84E2-704532498CCF} = {B8C0EB2F-D9BA-47D8-91EC-E77030B56F3C}
		{5B1C9C94-20E7-4197-AA46-1E58D3531DA0} = {B8C0EB2F-D9BA-47D8-91EC-E77030B56F3C}
		{BB6316B9-FC49-43FF-90B6-FC94B4009D2D} = {B8C0EB2F-D9BA-47D8-91EC-E77030B56F3C}
		{37BE0AFB-9985-4FDA-9939-25C68752FB3C} = {B8C0EB2F-D9BA-47D8-91EC-E77030B56F3C}
		{0D8530C1-BEE7-4DC7-BF80-41FCD2630E39} = {B8C0EB2F-D9BA-47D8-91EC-E77030B56F3C}
		{97A84D57-151E-4DB8-A626-2C4F05A04AFF} = {B8C0EB2F-D9BA-47D8-91EC-E77030B56F3C}
		{BCFA5AAB-F1FE-4B58-AEB8-B5BDB4FB7337} = {B8C0EB2F-D9BA-47D8-91EC-E77030B56F3C}
		{FA84B150-9B7D-417F-8BF5-A7B3436E7ADA} = {B8C0EB2F-D9BA-47D8-91EC-E77030B56F3C}
		{C2193530-6A77-427B-BF46-BF9DAE111B10} = {B8C0EB2F-D9BA-47D8-91EC-E77030B56F3C}
		{C6F223B3-19D7-4BAC-9E45-1556849C3C4B} = {B8C0EB2F-D9BA-47D8-91EC-E77030B56F3C}
		{0388896A-948F-4F9C-886A-CCB5C91C7127} = {B8C0EB2F-D9BA-47D8-91EC-E77030B56F3C}
		{68C4D8F2-3C95-419C-9B4F-188BDC9AEDC0} = {B8C0EB2F-D9BA-47D8-91EC-E77030B56F3C}
		{ABCF92F6-174B-4072-9BCA-BF967E0620D8} = {B8C0EB2F-D9BA-47D8-91EC-E77030B56F3C}
		{9386AC57-5A25-462B-9414-4F282408955C} = {B8C0EB2F-D9BA-47D8-91EC-E77030B56F3C}
		{20F86278-9889-4E2D-80B7-EACF7869F8D1} = {4A300F9F-5122-4B06-AAF3-90DFE769CBB9}
		{1CA9DAAB-A2DC-4252-B89F-6B1159B01BC7} = {4A300F9F-5122-4B06-AAF3-90DFE769CBB9}
		{BCEBFD9F-DB89-4F62-A7C9-072E8AD8DC92} = {FCE61122-0257-496C-8E4E-1A17DFBEFB02}
		{AF8CBA35-4222-4C85-A311-BC591949E2BF} = {FCE61122-0257-496C-8E4E-1A17DFBEFB02}
		{E842AD62-1220-414B-8F73-0770F9A805D5} = {FCE61122-0257-496C-8E4E-1A17DFBEFB02}
		{3953A5EF-3122-4AE6-8CD6-E24314B1D613} = {FCE61122-0257-496C-8E4E-1A17DFBEFB02}
	EndGlobalSection
EndGlobal
