
Microsoft Visual Studio Solution File, Format Version 12.00
# Visual Studio 2013
VisualStudioVersion = 12.0.21005.1
MinimumVisualStudioVersion = 10.0.40219.1
Project("{2150E333-8FDC-42A3-9474-1A3956D46DE8}") = "111.ref", "111.ref", "{132C82AA-C2D7-4846-92F4-BD8A1949E3D4}"
EndProject
Project("{FAE04EC0-301F-11D3-BF4B-00C04F79EFBC}") = "nilnul.order(131219withInterval", "nilnul.order(131219withInterval.csproj", "{F45087E0-8383-47EB-91F7-84070F046472}"
EndProject
Project("{FAE04EC0-301F-11D3-BF4B-00C04F79EFBC}") = "nilnul.collection.set130710", "..\..\nilnul.collection.set\lib\nilnul.collection.set130710.csproj", "{2AA0C2E4-554D-4E03-BB2D-9325DEF32AD0}"
EndProject
Project("{FAE04EC0-301F-11D3-BF4B-00C04F79EFBC}") = "nilnul(130621", "..\..\nilnul(130115\lib\nilnul(130621.csproj", "{781321C7-7737-4B1F-BA13-048169502805}"
EndProject
Project("{FAE04EC0-301F-11D3-BF4B-00C04F79EFBC}") = "nilnul.bit130616", "..\..\nilnul.bit(sln\lib\nilnul.bit130616.csproj", "{109C1344-5BEA-4E1A-B662-2C7FE60AC428}"
EndProject
Project("{FAE04EC0-301F-11D3-BF4B-00C04F79EFBC}") = "nilnul.obj", "..\..\nilnul.obj\lib\nilnul.obj.csproj", "{9807479B-F797-4A18-9FEB-0CC576C27308}"
EndProject
Project("{FAE04EC0-301F-11D3-BF4B-00C04F79EFBC}") = "nilnul.collection(131218", "..\..\nilnul.collection\lib\nilnul.collection(131218.csproj", "{D36483EC-D896-4EB7-A876-2C030BAB56E5}"
EndProject
Project("{FAE04EC0-301F-11D3-BF4B-00C04F79EFBC}") = "nilnul.relation(130616", "..\..\nilnul.relation(sln\lib\nilnul.relation(130616.csproj", "{D9162372-81BE-4D8F-8321-E5D53372C59C}"
EndProject
Global
	GlobalSection(SolutionConfigurationPlatforms) = preSolution
		_Temp|Any CPU = _Temp|Any CPU
		_Temp|Mixed Platforms = _Temp|Mixed Platforms
		_Temp|x86 = _Temp|x86
		Debug|Any CPU = Debug|Any CPU
		Debug|Mixed Platforms = Debug|Mixed Platforms
		Debug|x86 = Debug|x86
		Release|Any CPU = Release|Any CPU
		Release|Mixed Platforms = Release|Mixed Platforms
		Release|x86 = Release|x86
	EndGlobalSection
	GlobalSection(ProjectConfigurationPlatforms) = postSolution
		{F45087E0-8383-47EB-91F7-84070F046472}._Temp|Any CPU.ActiveCfg = Release|Any CPU
		{F45087E0-8383-47EB-91F7-84070F046472}._Temp|Any CPU.Build.0 = Release|Any CPU
		{F45087E0-8383-47EB-91F7-84070F046472}._Temp|Mixed Platforms.ActiveCfg = Release|Any CPU
		{F45087E0-8383-47EB-91F7-84070F046472}._Temp|Mixed Platforms.Build.0 = Release|Any CPU
		{F45087E0-8383-47EB-91F7-84070F046472}._Temp|x86.ActiveCfg = Release|Any CPU
		{F45087E0-8383-47EB-91F7-84070F046472}.Debug|Any CPU.ActiveCfg = Debug|Any CPU
		{F45087E0-8383-47EB-91F7-84070F046472}.Debug|Any CPU.Build.0 = Debug|Any CPU
		{F45087E0-8383-47EB-91F7-84070F046472}.Debug|Mixed Platforms.ActiveCfg = Debug|Any CPU
		{F45087E0-8383-47EB-91F7-84070F046472}.Debug|Mixed Platforms.Build.0 = Debug|Any CPU
		{F45087E0-8383-47EB-91F7-84070F046472}.Debug|x86.ActiveCfg = Debug|Any CPU
		{F45087E0-8383-47EB-91F7-84070F046472}.Release|Any CPU.ActiveCfg = Release|Any CPU
		{F45087E0-8383-47EB-91F7-84070F046472}.Release|Any CPU.Build.0 = Release|Any CPU
		{F45087E0-8383-47EB-91F7-84070F046472}.Release|Mixed Platforms.ActiveCfg = Release|Any CPU
		{F45087E0-8383-47EB-91F7-84070F046472}.Release|Mixed Platforms.Build.0 = Release|Any CPU
		{F45087E0-8383-47EB-91F7-84070F046472}.Release|x86.ActiveCfg = Release|Any CPU
		{2AA0C2E4-554D-4E03-BB2D-9325DEF32AD0}._Temp|Any CPU.ActiveCfg = Release|Any CPU
		{2AA0C2E4-554D-4E03-BB2D-9325DEF32AD0}._Temp|Any CPU.Build.0 = Release|Any CPU
		{2AA0C2E4-554D-4E03-BB2D-9325DEF32AD0}._Temp|Mixed Platforms.ActiveCfg = Release|Any CPU
		{2AA0C2E4-554D-4E03-BB2D-9325DEF32AD0}._Temp|Mixed Platforms.Build.0 = Release|Any CPU
		{2AA0C2E4-554D-4E03-BB2D-9325DEF32AD0}._Temp|x86.ActiveCfg = Release|Any CPU
		{2AA0C2E4-554D-4E03-BB2D-9325DEF32AD0}.Debug|Any CPU.ActiveCfg = Debug|Any CPU
		{2AA0C2E4-554D-4E03-BB2D-9325DEF32AD0}.Debug|Any CPU.Build.0 = Debug|Any CPU
		{2AA0C2E4-554D-4E03-BB2D-9325DEF32AD0}.Debug|Mixed Platforms.ActiveCfg = Debug|Any CPU
		{2AA0C2E4-554D-4E03-BB2D-9325DEF32AD0}.Debug|Mixed Platforms.Build.0 = Debug|Any CPU
		{2AA0C2E4-554D-4E03-BB2D-9325DEF32AD0}.Debug|x86.ActiveCfg = Debug|Any CPU
		{2AA0C2E4-554D-4E03-BB2D-9325DEF32AD0}.Release|Any CPU.ActiveCfg = Release|Any CPU
		{2AA0C2E4-554D-4E03-BB2D-9325DEF32AD0}.Release|Any CPU.Build.0 = Release|Any CPU
		{2AA0C2E4-554D-4E03-BB2D-9325DEF32AD0}.Release|Mixed Platforms.ActiveCfg = Release|Any CPU
		{2AA0C2E4-554D-4E03-BB2D-9325DEF32AD0}.Release|Mixed Platforms.Build.0 = Release|Any CPU
		{2AA0C2E4-554D-4E03-BB2D-9325DEF32AD0}.Release|x86.ActiveCfg = Release|Any CPU
		{781321C7-7737-4B1F-BA13-048169502805}._Temp|Any CPU.ActiveCfg = _Temp|Any CPU
		{781321C7-7737-4B1F-BA13-048169502805}._Temp|Any CPU.Build.0 = _Temp|Any CPU
		{781321C7-7737-4B1F-BA13-048169502805}._Temp|Mixed Platforms.ActiveCfg = _Temp|Any CPU
		{781321C7-7737-4B1F-BA13-048169502805}._Temp|Mixed Platforms.Build.0 = _Temp|Any CPU
		{781321C7-7737-4B1F-BA13-048169502805}._Temp|x86.ActiveCfg = _Temp|Any CPU
		{781321C7-7737-4B1F-BA13-048169502805}.Debug|Any CPU.ActiveCfg = Debug|Any CPU
		{781321C7-7737-4B1F-BA13-048169502805}.Debug|Any CPU.Build.0 = Debug|Any CPU
		{781321C7-7737-4B1F-BA13-048169502805}.Debug|Mixed Platforms.ActiveCfg = Debug|Any CPU
		{781321C7-7737-4B1F-BA13-048169502805}.Debug|Mixed Platforms.Build.0 = Debug|Any CPU
		{781321C7-7737-4B1F-BA13-048169502805}.Debug|x86.ActiveCfg = Debug|Any CPU
		{781321C7-7737-4B1F-BA13-048169502805}.Release|Any CPU.ActiveCfg = Release|Any CPU
		{781321C7-7737-4B1F-BA13-048169502805}.Release|Any CPU.Build.0 = Release|Any CPU
		{781321C7-7737-4B1F-BA13-048169502805}.Release|Mixed Platforms.ActiveCfg = Release|Any CPU
		{781321C7-7737-4B1F-BA13-048169502805}.Release|Mixed Platforms.Build.0 = Release|Any CPU
		{781321C7-7737-4B1F-BA13-048169502805}.Release|x86.ActiveCfg = Release|Any CPU
		{109C1344-5BEA-4E1A-B662-2C7FE60AC428}._Temp|Any CPU.ActiveCfg = _Temp|Any CPU
		{109C1344-5BEA-4E1A-B662-2C7FE60AC428}._Temp|Any CPU.Build.0 = _Temp|Any CPU
		{109C1344-5BEA-4E1A-B662-2C7FE60AC428}._Temp|Mixed Platforms.ActiveCfg = _Temp|Any CPU
		{109C1344-5BEA-4E1A-B662-2C7FE60AC428}._Temp|Mixed Platforms.Build.0 = _Temp|Any CPU
		{109C1344-5BEA-4E1A-B662-2C7FE60AC428}._Temp|x86.ActiveCfg = _Temp|Any CPU
		{109C1344-5BEA-4E1A-B662-2C7FE60AC428}.Debug|Any CPU.ActiveCfg = Debug|Any CPU
		{109C1344-5BEA-4E1A-B662-2C7FE60AC428}.Debug|Any CPU.Build.0 = Debug|Any CPU
		{109C1344-5BEA-4E1A-B662-2C7FE60AC428}.Debug|Mixed Platforms.ActiveCfg = Debug|Any CPU
		{109C1344-5BEA-4E1A-B662-2C7FE60AC428}.Debug|Mixed Platforms.Build.0 = Debug|Any CPU
		{109C1344-5BEA-4E1A-B662-2C7FE60AC428}.Debug|x86.ActiveCfg = Debug|Any CPU
		{109C1344-5BEA-4E1A-B662-2C7FE60AC428}.Release|Any CPU.ActiveCfg = Release|Any CPU
		{109C1344-5BEA-4E1A-B662-2C7FE60AC428}.Release|Any CPU.Build.0 = Release|Any CPU
		{109C1344-5BEA-4E1A-B662-2C7FE60AC428}.Release|Mixed Platforms.ActiveCfg = Release|Any CPU
		{109C1344-5BEA-4E1A-B662-2C7FE60AC428}.Release|Mixed Platforms.Build.0 = Release|Any CPU
		{109C1344-5BEA-4E1A-B662-2C7FE60AC428}.Release|x86.ActiveCfg = Release|Any CPU
		{9807479B-F797-4A18-9FEB-0CC576C27308}._Temp|Any CPU.ActiveCfg = _Temp|Any CPU
		{9807479B-F797-4A18-9FEB-0CC576C27308}._Temp|Any CPU.Build.0 = _Temp|Any CPU
		{9807479B-F797-4A18-9FEB-0CC576C27308}._Temp|Mixed Platforms.ActiveCfg = _Temp|Any CPU
		{9807479B-F797-4A18-9FEB-0CC576C27308}._Temp|Mixed Platforms.Build.0 = _Temp|Any CPU
		{9807479B-F797-4A18-9FEB-0CC576C27308}._Temp|x86.ActiveCfg = _Temp|Any CPU
		{9807479B-F797-4A18-9FEB-0CC576C27308}.Debug|Any CPU.ActiveCfg = Debug|Any CPU
		{9807479B-F797-4A18-9FEB-0CC576C27308}.Debug|Any CPU.Build.0 = Debug|Any CPU
		{9807479B-F797-4A18-9FEB-0CC576C27308}.Debug|Mixed Platforms.ActiveCfg = Debug|Any CPU
		{9807479B-F797-4A18-9FEB-0CC576C27308}.Debug|Mixed Platforms.Build.0 = Debug|Any CPU
		{9807479B-F797-4A18-9FEB-0CC576C27308}.Debug|x86.ActiveCfg = Debug|Any CPU
		{9807479B-F797-4A18-9FEB-0CC576C27308}.Release|Any CPU.ActiveCfg = Release|Any CPU
		{9807479B-F797-4A18-9FEB-0CC576C27308}.Release|Any CPU.Build.0 = Release|Any CPU
		{9807479B-F797-4A18-9FEB-0CC576C27308}.Release|Mixed Platforms.ActiveCfg = Release|Any CPU
		{9807479B-F797-4A18-9FEB-0CC576C27308}.Release|Mixed Platforms.Build.0 = Release|Any CPU
		{9807479B-F797-4A18-9FEB-0CC576C27308}.Release|x86.ActiveCfg = Release|Any CPU
		{D36483EC-D896-4EB7-A876-2C030BAB56E5}._Temp|Any CPU.ActiveCfg = Release|Any CPU
		{D36483EC-D896-4EB7-A876-2C030BAB56E5}._Temp|Any CPU.Build.0 = Release|Any CPU
		{D36483EC-D896-4EB7-A876-2C030BAB56E5}._Temp|Mixed Platforms.ActiveCfg = Release|Any CPU
		{D36483EC-D896-4EB7-A876-2C030BAB56E5}._Temp|Mixed Platforms.Build.0 = Release|Any CPU
		{D36483EC-D896-4EB7-A876-2C030BAB56E5}._Temp|x86.ActiveCfg = Release|Any CPU
		{D36483EC-D896-4EB7-A876-2C030BAB56E5}.Debug|Any CPU.ActiveCfg = Debug|Any CPU
		{D36483EC-D896-4EB7-A876-2C030BAB56E5}.Debug|Any CPU.Build.0 = Debug|Any CPU
		{D36483EC-D896-4EB7-A876-2C030BAB56E5}.Debug|Mixed Platforms.ActiveCfg = Debug|Any CPU
		{D36483EC-D896-4EB7-A876-2C030BAB56E5}.Debug|Mixed Platforms.Build.0 = Debug|Any CPU
		{D36483EC-D896-4EB7-A876-2C030BAB56E5}.Debug|x86.ActiveCfg = Debug|Any CPU
		{D36483EC-D896-4EB7-A876-2C030BAB56E5}.Release|Any CPU.ActiveCfg = Release|Any CPU
		{D36483EC-D896-4EB7-A876-2C030BAB56E5}.Release|Any CPU.Build.0 = Release|Any CPU
		{D36483EC-D896-4EB7-A876-2C030BAB56E5}.Release|Mixed Platforms.ActiveCfg = Release|Any CPU
		{D36483EC-D896-4EB7-A876-2C030BAB56E5}.Release|Mixed Platforms.Build.0 = Release|Any CPU
		{D36483EC-D896-4EB7-A876-2C030BAB56E5}.Release|x86.ActiveCfg = Release|Any CPU
		{D9162372-81BE-4D8F-8321-E5D53372C59C}._Temp|Any CPU.ActiveCfg = Release|Any CPU
		{D9162372-81BE-4D8F-8321-E5D53372C59C}._Temp|Any CPU.Build.0 = Release|Any CPU
		{D9162372-81BE-4D8F-8321-E5D53372C59C}._Temp|Mixed Platforms.ActiveCfg = Release|Any CPU
		{D9162372-81BE-4D8F-8321-E5D53372C59C}._Temp|Mixed Platforms.Build.0 = Release|Any CPU
		{D9162372-81BE-4D8F-8321-E5D53372C59C}._Temp|x86.ActiveCfg = Release|Any CPU
		{D9162372-81BE-4D8F-8321-E5D53372C59C}.Debug|Any CPU.ActiveCfg = Debug|Any CPU
		{D9162372-81BE-4D8F-8321-E5D53372C59C}.Debug|Any CPU.Build.0 = Debug|Any CPU
		{D9162372-81BE-4D8F-8321-E5D53372C59C}.Debug|Mixed Platforms.ActiveCfg = Debug|Any CPU
		{D9162372-81BE-4D8F-8321-E5D53372C59C}.Debug|Mixed Platforms.Build.0 = Debug|Any CPU
		{D9162372-81BE-4D8F-8321-E5D53372C59C}.Debug|x86.ActiveCfg = Debug|Any CPU
		{D9162372-81BE-4D8F-8321-E5D53372C59C}.Release|Any CPU.ActiveCfg = Release|Any CPU
		{D9162372-81BE-4D8F-8321-E5D53372C59C}.Release|Any CPU.Build.0 = Release|Any CPU
		{D9162372-81BE-4D8F-8321-E5D53372C59C}.Release|Mixed Platforms.ActiveCfg = Release|Any CPU
		{D9162372-81BE-4D8F-8321-E5D53372C59C}.Release|Mixed Platforms.Build.0 = Release|Any CPU
		{D9162372-81BE-4D8F-8321-E5D53372C59C}.Release|x86.ActiveCfg = Release|Any CPU
	EndGlobalSection
	GlobalSection(SolutionProperties) = preSolution
		HideSolutionNode = FALSE
	EndGlobalSection
	GlobalSection(NestedProjects) = preSolution
		{2AA0C2E4-554D-4E03-BB2D-9325DEF32AD0} = {132C82AA-C2D7-4846-92F4-BD8A1949E3D4}
		{781321C7-7737-4B1F-BA13-048169502805} = {132C82AA-C2D7-4846-92F4-BD8A1949E3D4}
		{109C1344-5BEA-4E1A-B662-2C7FE60AC428} = {132C82AA-C2D7-4846-92F4-BD8A1949E3D4}
		{9807479B-F797-4A18-9FEB-0CC576C27308} = {132C82AA-C2D7-4846-92F4-BD8A1949E3D4}
		{D36483EC-D896-4EB7-A876-2C030BAB56E5} = {132C82AA-C2D7-4846-92F4-BD8A1949E3D4}
		{D9162372-81BE-4D8F-8321-E5D53372C59C} = {132C82AA-C2D7-4846-92F4-BD8A1949E3D4}
	EndGlobalSection
EndGlobal
